
Microsoft Visual Studio Solution File, Format Version 12.00
# Visual Studio Version 16
VisualStudioVersion = 16.0.31702.278
MinimumVisualStudioVersion = 10.0.40219.1
Project("{FAE04EC0-301F-11D3-BF4B-00C04F79EFBC}") = "Business", "Business\Business.csproj", "{3F36A492-B004-46AC-8ACC-CB7677170F49}"
EndProject
Project("{FAE04EC0-301F-11D3-BF4B-00C04F79EFBC}") = "Core", "Core\Core.csproj", "{9A2575E9-C0B6-4A66-8F64-FAF9E65A16FB}"
EndProject
Project("{FAE04EC0-301F-11D3-BF4B-00C04F79EFBC}") = "Entities", "Entities\Entities.csproj", "{E8094F71-FB4F-4173-B438-4B00A274CD62}"
EndProject
Project("{FAE04EC0-301F-11D3-BF4B-00C04F79EFBC}") = "DataAccess", "DataAccess\DataAccess.csproj", "{949B9505-4207-4BFE-90CF-A85442072B63}"
EndProject
Project("{FAE04EC0-301F-11D3-BF4B-00C04F79EFBC}") = "WebUI", "WebUI\WebUI.csproj", "{CBC2CF54-4952-445E-B686-2DEE261EAC3E}"
EndProject
Global
	GlobalSection(SolutionConfigurationPlatforms) = preSolution
		Debug|Any CPU = Debug|Any CPU
		Release|Any CPU = Release|Any CPU
	EndGlobalSection
	GlobalSection(ProjectConfigurationPlatforms) = postSolution
		{3F36A492-B004-46AC-8ACC-CB7677170F49}.Debug|Any CPU.ActiveCfg = Debug|Any CPU
		{3F36A492-B004-46AC-8ACC-CB7677170F49}.Debug|Any CPU.Build.0 = Debug|Any CPU
		{3F36A492-B004-46AC-8ACC-CB7677170F49}.Release|Any CPU.ActiveCfg = Release|Any CPU
		{3F36A492-B004-46AC-8ACC-CB7677170F49}.Release|Any CPU.Build.0 = Release|Any CPU
		{9A2575E9-C0B6-4A66-8F64-FAF9E65A16FB}.Debug|Any CPU.ActiveCfg = Debug|Any CPU
		{9A2575E9-C0B6-4A66-8F64-FAF9E65A16FB}.Debug|Any CPU.Build.0 = Debug|Any CPU
		{9A2575E9-C0B6-4A66-8F64-FAF9E65A16FB}.Release|Any CPU.ActiveCfg = Release|Any CPU
		{9A2575E9-C0B6-4A66-8F64-FAF9E65A16FB}.Release|Any CPU.Build.0 = Release|Any CPU
		{E8094F71-FB4F-4173-B438-4B00A274CD62}.Debug|Any CPU.ActiveCfg = Debug|Any CPU
		{E8094F71-FB4F-4173-B438-4B00A274CD62}.Debug|Any CPU.Build.0 = Debug|Any CPU
		{E8094F71-FB4F-4173-B438-4B00A274CD62}.Release|Any CPU.ActiveCfg = Release|Any CPU
		{E8094F71-FB4F-4173-B438-4B00A274CD62}.Release|Any CPU.Build.0 = Release|Any CPU
		{949B9505-4207-4BFE-90CF-A85442072B63}.Debug|Any CPU.ActiveCfg = Debug|Any CPU
		{949B9505-4207-4BFE-90CF-A85442072B63}.Debug|Any CPU.Build.0 = Debug|Any CPU
		{949B9505-4207-4BFE-90CF-A85442072B63}.Release|Any CPU.ActiveCfg = Release|Any CPU
		{949B9505-4207-4BFE-90CF-A85442072B63}.Release|Any CPU.Build.0 = Release|Any CPU
		{CBC2CF54-4952-445E-B686-2DEE261EAC3E}.Debug|Any CPU.ActiveCfg = Debug|Any CPU
		{CBC2CF54-4952-445E-B686-2DEE261EAC3E}.Debug|Any CPU.Build.0 = Debug|Any CPU
		{CBC2CF54-4952-445E-B686-2DEE261EAC3E}.Release|Any CPU.ActiveCfg = Release|Any CPU
		{CBC2CF54-4952-445E-B686-2DEE261EAC3E}.Release|Any CPU.Build.0 = Release|Any CPU
	EndGlobalSection
	GlobalSection(SolutionProperties) = preSolution
		HideSolutionNode = FALSE
	EndGlobalSection
	GlobalSection(ExtensibilityGlobals) = postSolution
		SolutionGuid = {B4636AEC-58A3-47F4-B1B9-7AB5163EAFD4}
	EndGlobalSection
EndGlobal
